
Microsoft Visual Studio Solution File, Format Version 12.00
# Visual Studio 15
Project("{FAE04EC0-301F-11D3-BF4B-00C04F79EFBC}") = "Assembly-CSharp", "Assembly-CSharp.csproj", "{176C30BD-01ED-A936-A837-4C879972F466}"
EndProject
Project("{FAE04EC0-301F-11D3-BF4B-00C04F79EFBC}") = "Assembly-CSharp-Editor", "Assembly-CSharp-Editor.csproj", "{D50D5675-FA67-BCDE-7E3B-495A9D8B91A5}"
EndProject
Global
	GlobalSection(SolutionConfigurationPlatforms) = preSolution
		Debug|Any CPU = Debug|Any CPU
		Release|Any CPU = Release|Any CPU
	EndGlobalSection
	GlobalSection(ProjectConfigurationPlatforms) = postSolution
		{176C30BD-01ED-A936-A837-4C879972F466}.Debug|Any CPU.ActiveCfg = Debug|Any CPU
		{176C30BD-01ED-A936-A837-4C879972F466}.Debug|Any CPU.Build.0 = Debug|Any CPU
		{176C30BD-01ED-A936-A837-4C879972F466}.Release|Any CPU.ActiveCfg = Release|Any CPU
		{176C30BD-01ED-A936-A837-4C879972F466}.Release|Any CPU.Build.0 = Release|Any CPU
		{D50D5675-FA67-BCDE-7E3B-495A9D8B91A5}.Debug|Any CPU.ActiveCfg = Debug|Any CPU
		{D50D5675-FA67-BCDE-7E3B-495A9D8B91A5}.Debug|Any CPU.Build.0 = Debug|Any CPU
		{D50D5675-FA67-BCDE-7E3B-495A9D8B91A5}.Release|Any CPU.ActiveCfg = Release|Any CPU
		{D50D5675-FA67-BCDE-7E3B-495A9D8B91A5}.Release|Any CPU.Build.0 = Release|Any CPU
	EndGlobalSection
	GlobalSection(SolutionProperties) = preSolution
		HideSolutionNode = FALSE
	EndGlobalSection
EndGlobal
